Microsoft Visual Studio Solution File, Format Version 12.00
# Visual Studio Version 17
VisualStudioVersion = 17.0.31903.59
MinimumVisualStudioVersion = 10.0.40219.1
Project("{FAE04EC0-301F-11D3-BF4B-00C04F79EFBC}") = "ReqSys.Api", "src\ReqSys.Api\ReqSys.Api.csproj", "{4E9A9C3D-253F-4B45-BF61-350C14F93B01}"
EndProject
Project("{FAE04EC0-301F-11D3-BF4B-00C04F79EFBC}") = "ReqSys.Api.Tests", "tests\ReqSys.Api.Tests\ReqSys.Api.Tests.csproj", "{642D9066-6E88-4D2D-8899-B55F86DD53F7}"
EndProject
Global
	GlobalSection(SolutionConfigurationPlatforms) = preSolution
		Debug|Any CPU = Debug|Any CPU
		Release|Any CPU = Release|Any CPU
	EndGlobalSection
	GlobalSection(ProjectConfigurationPlatforms) = postSolution
		{4E9A9C3D-253F-4B45-BF61-350C14F93B01}.Debug|Any CPU.ActiveCfg = Debug|Any CPU
		{4E9A9C3D-253F-4B45-BF61-350C14F93B01}.Debug|Any CPU.Build.0 = Debug|Any CPU
		{4E9A9C3D-253F-4B45-BF61-350C14F93B01}.Release|Any CPU.ActiveCfg = Release|Any CPU
		{4E9A9C3D-253F-4B45-BF61-350C14F93B01}.Release|Any CPU.Build.0 = Release|Any CPU
		{642D9066-6E88-4D2D-8899-B55F86DD53F7}.Debug|Any CPU.ActiveCfg = Debug|Any CPU
		{642D9066-6E88-4D2D-8899-B55F86DD53F7}.Debug|Any CPU.Build.0 = Debug|Any CPU
		{642D9066-6E88-4D2D-8899-B55F86DD53F7}.Release|Any CPU.ActiveCfg = Release|Any CPU
		{642D9066-6E88-4D2D-8899-B55F86DD53F7}.Release|Any CPU.Build.0 = Release|Any CPU
	EndGlobalSection
EndGlobal
